
Microsoft Visual Studio Solution File, Format Version 11.00
# Visual Studio 2010
Project("{8BC9CEB8-8B4A-11D0-8D11-00A0C91BC942}") = "Union_Study_C++", "Union_Study_C++\Union_Study_C++.vcxproj", "{5DF91017-AFDB-40BD-AD05-4473B1775C46}"
EndProject
Global
	GlobalSection(SolutionConfigurationPlatforms) = preSolution
		Debug|Win32 = Debug|Win32
		Release|Win32 = Release|Win32
	EndGlobalSection
	GlobalSection(ProjectConfigurationPlatforms) = postSolution
		{5DF91017-AFDB-40BD-AD05-4473B1775C46}.Debug|Win32.ActiveCfg = Debug|Win32
		{5DF91017-AFDB-40BD-AD05-4473B1775C46}.Debug|Win32.Build.0 = Debug|Win32
		{5DF91017-AFDB-40BD-AD05-4473B1775C46}.Release|Win32.ActiveCfg = Release|Win32
		{5DF91017-AFDB-40BD-AD05-4473B1775C46}.Release|Win32.Build.0 = Release|Win32
	EndGlobalSection
	GlobalSection(SolutionProperties) = preSolution
		HideSolutionNode = FALSE
	EndGlobalSection
EndGlobal
